
Microsoft Visual Studio Solution File, Format Version 12.00
# Visual Studio 15
VisualStudioVersion = 15.0.27130.2036
MinimumVisualStudioVersion = 10.0.40219.1
Project("{FAE04EC0-301F-11D3-BF4B-00C04F79EFBC}") = "Fosiles", "Fosiles\Fosiles.csproj", "{F64B82C9-EA33-4523-AE08-E1F72537AA4A}"
EndProject
Global
	GlobalSection(SolutionConfigurationPlatforms) = preSolution
		Debug|Any CPU = Debug|Any CPU
		Release|Any CPU = Release|Any CPU
	EndGlobalSection
	GlobalSection(ProjectConfigurationPlatforms) = postSolution
		{F64B82C9-EA33-4523-AE08-E1F72537AA4A}.Debug|Any CPU.ActiveCfg = Debug|Any CPU
		{F64B82C9-EA33-4523-AE08-E1F72537AA4A}.Debug|Any CPU.Build.0 = Debug|Any CPU
		{F64B82C9-EA33-4523-AE08-E1F72537AA4A}.Release|Any CPU.ActiveCfg = Release|Any CPU
		{F64B82C9-EA33-4523-AE08-E1F72537AA4A}.Release|Any CPU.Build.0 = Release|Any CPU
	EndGlobalSection
	GlobalSection(SolutionProperties) = preSolution
		HideSolutionNode = FALSE
	EndGlobalSection
	GlobalSection(ExtensibilityGlobals) = postSolution
		SolutionGuid = {EE5587C5-FD32-46E0-86D0-857FA2F11EE4}
	EndGlobalSection
EndGlobal
